
Microsoft Visual Studio Solution File, Format Version 12.00
# Visual Studio Version 16
VisualStudioVersion = 16.0.31613.86
MinimumVisualStudioVersion = 10.0.40219.1
Project("{FAE04EC0-301F-11D3-BF4B-00C04F79EFBC}") = "Task02", "Task02.csproj", "{AC584CBF-8624-49DA-9938-01EDD9B05338}"
EndProject
Global
	GlobalSection(SolutionConfigurationPlatforms) = preSolution
		Debug|Any CPU = Debug|Any CPU
		Release|Any CPU = Release|Any CPU
	EndGlobalSection
	GlobalSection(ProjectConfigurationPlatforms) = postSolution
		{AC584CBF-8624-49DA-9938-01EDD9B05338}.Debug|Any CPU.ActiveCfg = Debug|Any CPU
		{AC584CBF-8624-49DA-9938-01EDD9B05338}.Debug|Any CPU.Build.0 = Debug|Any CPU
		{AC584CBF-8624-49DA-9938-01EDD9B05338}.Release|Any CPU.ActiveCfg = Release|Any CPU
		{AC584CBF-8624-49DA-9938-01EDD9B05338}.Release|Any CPU.Build.0 = Release|Any CPU
	EndGlobalSection
	GlobalSection(SolutionProperties) = preSolution
		HideSolutionNode = FALSE
	EndGlobalSection
	GlobalSection(ExtensibilityGlobals) = postSolution
		SolutionGuid = {040B8379-D8B8-495C-A0E5-C77028DE7083}
	EndGlobalSection
EndGlobal
