
Microsoft Visual Studio Solution File, Format Version 12.00
# Visual Studio Version 16
VisualStudioVersion = 16.0.31613.86
MinimumVisualStudioVersion = 10.0.40219.1
Project("{FAE04EC0-301F-11D3-BF4B-00C04F79EFBC}") = "Lab01", "Lab01.csproj", "{49921408-D4EC-4527-A126-719A30A01333}"
EndProject
Global
	GlobalSection(SolutionConfigurationPlatforms) = preSolution
		Debug|Any CPU = Debug|Any CPU
		Release|Any CPU = Release|Any CPU
	EndGlobalSection
	GlobalSection(ProjectConfigurationPlatforms) = postSolution
		{49921408-D4EC-4527-A126-719A30A01333}.Debug|Any CPU.ActiveCfg = Debug|Any CPU
		{49921408-D4EC-4527-A126-719A30A01333}.Debug|Any CPU.Build.0 = Debug|Any CPU
		{49921408-D4EC-4527-A126-719A30A01333}.Release|Any CPU.ActiveCfg = Release|Any CPU
		{49921408-D4EC-4527-A126-719A30A01333}.Release|Any CPU.Build.0 = Release|Any CPU
	EndGlobalSection
	GlobalSection(SolutionProperties) = preSolution
		HideSolutionNode = FALSE
	EndGlobalSection
	GlobalSection(ExtensibilityGlobals) = postSolution
		SolutionGuid = {6E305D4A-04A9-4DFE-8F95-DD3DC0090FB3}
	EndGlobalSection
EndGlobal
