
Microsoft Visual Studio Solution File, Format Version 12.00
# Visual Studio Version 16
VisualStudioVersion = 16.0.31613.86
MinimumVisualStudioVersion = 10.0.40219.1
Project("{FAE04EC0-301F-11D3-BF4B-00C04F79EFBC}") = "Lab09", "Lab09.csproj", "{677F05A3-7568-486E-A1F5-8B4DD048E841}"
EndProject
Global
	GlobalSection(SolutionConfigurationPlatforms) = preSolution
		Debug|Any CPU = Debug|Any CPU
		Release|Any CPU = Release|Any CPU
	EndGlobalSection
	GlobalSection(ProjectConfigurationPlatforms) = postSolution
		{677F05A3-7568-486E-A1F5-8B4DD048E841}.Debug|Any CPU.ActiveCfg = Debug|Any CPU
		{677F05A3-7568-486E-A1F5-8B4DD048E841}.Debug|Any CPU.Build.0 = Debug|Any CPU
		{677F05A3-7568-486E-A1F5-8B4DD048E841}.Release|Any CPU.ActiveCfg = Release|Any CPU
		{677F05A3-7568-486E-A1F5-8B4DD048E841}.Release|Any CPU.Build.0 = Release|Any CPU
	EndGlobalSection
	GlobalSection(SolutionProperties) = preSolution
		HideSolutionNode = FALSE
	EndGlobalSection
	GlobalSection(ExtensibilityGlobals) = postSolution
		SolutionGuid = {B8A313E3-A981-498D-B8CD-24D3C4E59AE6}
	EndGlobalSection
EndGlobal
