
Microsoft Visual Studio Solution File, Format Version 12.00
# Visual Studio Version 16
VisualStudioVersion = 16.0.31613.86
MinimumVisualStudioVersion = 10.0.40219.1
Project("{FAE04EC0-301F-11D3-BF4B-00C04F79EFBC}") = "Lab03", "Lab03.csproj", "{EA2E3CF6-2048-4DC2-87F5-512ED6540CB5}"
EndProject
Global
	GlobalSection(SolutionConfigurationPlatforms) = preSolution
		Debug|Any CPU = Debug|Any CPU
		Release|Any CPU = Release|Any CPU
	EndGlobalSection
	GlobalSection(ProjectConfigurationPlatforms) = postSolution
		{EA2E3CF6-2048-4DC2-87F5-512ED6540CB5}.Debug|Any CPU.ActiveCfg = Debug|Any CPU
		{EA2E3CF6-2048-4DC2-87F5-512ED6540CB5}.Debug|Any CPU.Build.0 = Debug|Any CPU
		{EA2E3CF6-2048-4DC2-87F5-512ED6540CB5}.Release|Any CPU.ActiveCfg = Release|Any CPU
		{EA2E3CF6-2048-4DC2-87F5-512ED6540CB5}.Release|Any CPU.Build.0 = Release|Any CPU
	EndGlobalSection
	GlobalSection(SolutionProperties) = preSolution
		HideSolutionNode = FALSE
	EndGlobalSection
	GlobalSection(ExtensibilityGlobals) = postSolution
		SolutionGuid = {ED18DA04-6AB1-4656-B55D-E3A4C1C111D7}
	EndGlobalSection
EndGlobal
